{
  "version": 4,
  "terraform_version": "1.6.3",
  "serial": 22,
  "lineage": "224f6cce-38e1-438f-f623-a289d5189c04",
  "outputs": {},
  "resources": [
    {
      "mode": "managed",
      "type": "null_resource",
      "name": "MainTF",
      "provider": "provider[\"registry.terraform.io/hashicorp/null\"]",
      "instances": [
        {
          "schema_version": 0,
          "attributes": {
            "id": "5190760331344564160",
            "triggers": null
          },
          "sensitive_attributes": [],
          "dependencies": [
            "module.droplet.module.do.data.digitalocean_ssh_key.ap-sandbox",
            "module.droplet.module.do.data.digitalocean_ssh_key.mj-sandbox",
            "module.droplet.module.do.digitalocean_droplet.droplet"
          ]
        }
      ]
    },
    {
      "module": "module.droplet",
      "mode": "managed",
      "type": "null_resource",
      "name": "docker_compose_droplet",
      "provider": "provider[\"registry.terraform.io/hashicorp/null\"]",
      "instances": [
        {
          "schema_version": 0,
          "attributes": {
            "id": "3547447321139579357",
            "triggers": null
          },
          "sensitive_attributes": [],
          "dependencies": [
            "module.droplet.module.do.data.digitalocean_ssh_key.ap-sandbox",
            "module.droplet.module.do.data.digitalocean_ssh_key.mj-sandbox",
            "module.droplet.module.do.digitalocean_droplet.droplet"
          ]
        }
      ]
    },
    {
      "module": "module.droplet",
      "mode": "managed",
      "type": "null_resource",
      "name": "jenkins_droplet",
      "provider": "provider[\"registry.terraform.io/hashicorp/null\"]",
      "instances": [
        {
          "status": "tainted",
          "schema_version": 0,
          "attributes": {
            "id": "2151513543831678272",
            "triggers": {
              "reconfigure": "474445a2-155f-41ec-9286-279f31af44da"
            }
          },
          "sensitive_attributes": [],
          "dependencies": [
            "module.droplet.module.do.data.digitalocean_ssh_key.ap-sandbox",
            "module.droplet.module.do.data.digitalocean_ssh_key.mj-sandbox",
            "module.droplet.module.do.digitalocean_droplet.droplet",
            "module.droplet.random_uuid.force_config"
          ]
        }
      ]
    },
    {
      "module": "module.droplet",
      "mode": "managed",
      "type": "random_uuid",
      "name": "force_config",
      "provider": "provider[\"registry.terraform.io/hashicorp/random\"]",
      "instances": [
        {
          "schema_version": 0,
          "attributes": {
            "id": "474445a2-155f-41ec-9286-279f31af44da",
            "keepers": null,
            "result": "474445a2-155f-41ec-9286-279f31af44da"
          },
          "sensitive_attributes": []
        }
      ]
    },
    {
      "module": "module.droplet.module.do",
      "mode": "data",
      "type": "digitalocean_ssh_key",
      "name": "ap-sandbox",
      "provider": "module.droplet.module.do.provider[\"registry.terraform.io/digitalocean/digitalocean\"]",
      "instances": [
        {
          "schema_version": 0,
          "attributes": {
            "fingerprint": "da:b0:80:80:c1:37:93:06:f7:e7:51:a3:03:62:30:47",
            "id": 41175117,
            "name": "ap-sandbox",
            "public_key": "ssh-ed25519 AAAAC3NzaC1lZDI1NTE5AAAAII+pNPOjzt3L40gaj7L05NgfRKCjc+/sxWn+U23DhyEI swissarmybud@gmail.com"
          },
          "sensitive_attributes": []
        }
      ]
    },
    {
      "module": "module.droplet.module.do",
      "mode": "data",
      "type": "digitalocean_ssh_key",
      "name": "mj-sandbox",
      "provider": "module.droplet.module.do.provider[\"registry.terraform.io/digitalocean/digitalocean\"]",
      "instances": [
        {
          "schema_version": 0,
          "attributes": {
            "fingerprint": "89:c0:1c:4b:d1:a6:6c:f7:ec:43:ae:da:98:bb:44:ed",
            "id": 41175101,
            "name": "mj-sandbox",
            "public_key": "ssh-ed25519 AAAAC3NzaC1lZDI1NTE5AAAAIAIISam2cK6zEFdsAKsfcTNc1vqLDFrECUR7o3zkLbkD merel.burleigh@gmail.com"
          },
          "sensitive_attributes": []
        }
      ]
    },
    {
      "module": "module.droplet.module.do",
      "mode": "managed",
      "type": "digitalocean_droplet",
      "name": "droplet",
      "provider": "module.droplet.module.do.provider[\"registry.terraform.io/digitalocean/digitalocean\"]",
      "instances": [
        {
          "schema_version": 1,
          "attributes": {
            "backups": false,
            "created_at": "2024-04-10T03:13:48Z",
            "disk": 50,
            "droplet_agent": null,
            "graceful_shutdown": false,
            "id": "411970475",
            "image": "debian-12-x64",
            "ipv4_address": "164.92.105.12",
            "ipv4_address_private": "10.124.0.2",
            "ipv6": false,
            "ipv6_address": "",
            "locked": false,
            "memory": 2048,
            "monitoring": false,
            "name": "jenkins-server",
            "price_hourly": 0.01786,
            "price_monthly": 12,
            "private_networking": true,
            "region": "sfo3",
            "resize_disk": true,
            "size": "s-1vcpu-2gb",
            "ssh_keys": [
              "41175101",
              "41175117"
            ],
            "status": "active",
            "tags": [
              "build",
              "jenkins",
              "server"
            ],
            "timeouts": null,
            "urn": "do:droplet:411970475",
            "user_data": null,
            "vcpus": 1,
            "volume_ids": [],
            "vpc_uuid": "79cd79a3-b668-4717-b8aa-6126880e6f61"
          },
          "sensitive_attributes": [],
          "private": "eyJlMmJmYjczMC1lY2FhLTExZTYtOGY4OC0zNDM2M2JjN2M0YzAiOnsiY3JlYXRlIjozNjAwMDAwMDAwMDAwLCJkZWxldGUiOjYwMDAwMDAwMDAwLCJ1cGRhdGUiOjM2MDAwMDAwMDAwMDB9LCJzY2hlbWFfdmVyc2lvbiI6IjEifQ==",
          "dependencies": [
            "module.droplet.module.do.data.digitalocean_ssh_key.ap-sandbox",
            "module.droplet.module.do.data.digitalocean_ssh_key.mj-sandbox"
          ]
        }
      ]
    }
  ],
  "check_results": null
}
